
Microsoft Visual Studio Solution File, Format Version 12.00
# Visual Studio Version 16
VisualStudioVersion = 16.0.32002.261
MinimumVisualStudioVersion = 10.0.40219.1
Project("{2150E333-8FDC-42A3-9474-1A3956D46DE8}") = "Entity Framework Core", "Entity Framework Core", "{1BC73AB0-95FA-4028-8CF1-775DCF947CAE}"
EndProject
Project("{9A19103F-16F7-4668-BE54-9A1E7A4F7556}") = "DeconstructCodeSamples", "BasicsEntityCoreCodeSample\DeconstructCodeSamples.csproj", "{DCB9126C-983B-40D8-9C1F-2EAA0965C8DD}"
EndProject
Project("{2150E333-8FDC-42A3-9474-1A3956D46DE8}") = "Solution Items", "Solution Items", "{66674A0F-5D12-45BA-B1F3-82BC55162988}"
	ProjectSection(SolutionItems) = preProject
		readme.md = readme.md
	EndProjectSection
EndProject
Project("{2150E333-8FDC-42A3-9474-1A3956D46DE8}") = "Third party class projects", "Third party class projects", "{07465EB6-6653-4187-A1FB-DC262295C308}"
EndProject
Project("{9A19103F-16F7-4668-BE54-9A1E7A4F7556}") = "SomeThirdPartyLibrary", "SomeThirdPartyLibrary\SomeThirdPartyLibrary.csproj", "{6F837E76-023B-4E07-848F-EC9B45326B10}"
EndProject
Project("{2150E333-8FDC-42A3-9474-1A3956D46DE8}") = "Windows forms projects", "Windows forms projects", "{76166F0A-F452-4323-815B-1EE8DAE7902F}"
EndProject
Project("{9A19103F-16F7-4668-BE54-9A1E7A4F7556}") = "BlogPostsFormsProject", "BlogPostsFormsProject\BlogPostsFormsProject.csproj", "{4B36A5EB-F0F4-42A7-8887-5E1D6B961B50}"
EndProject
Project("{9A19103F-16F7-4668-BE54-9A1E7A4F7556}") = "WindowsFormsCodeSamples", "WindowsFormsCodeSamples\WindowsFormsCodeSamples.csproj", "{D782B406-6F06-4E2E-A330-8200B6131820}"
EndProject
Project("{2150E333-8FDC-42A3-9474-1A3956D46DE8}") = "Libraries", "Libraries", "{BDC01F94-415E-4AC0-941C-27EB2B43135A}"
EndProject
Project("{9A19103F-16F7-4668-BE54-9A1E7A4F7556}") = "WindowsFormsLibrary", "WindowsFormsLibrary\WindowsFormsLibrary.csproj", "{541F5B49-78C8-4BBA-A723-9BCBEA73C033}"
EndProject
Project("{2150E333-8FDC-42A3-9474-1A3956D46DE8}") = "Useful starter project", "Useful starter project", "{D5A7E212-0A15-4062-9DC3-CC461AE386BA}"
EndProject
Project("{9A19103F-16F7-4668-BE54-9A1E7A4F7556}") = "DictionaryConsoleApp", "DictionaryConsoleApp\DictionaryConsoleApp.csproj", "{534AB982-71BD-4979-AA6A-9327AE4363C2}"
EndProject
Project("{9A19103F-16F7-4668-BE54-9A1E7A4F7556}") = "ForWritingArticle", "ForWritingArticle\ForWritingArticle.csproj", "{095473AE-D835-4BFB-9C6F-42C47A5AB85F}"
EndProject
Global
	GlobalSection(SolutionConfigurationPlatforms) = preSolution
		Debug|Any CPU = Debug|Any CPU
		Release|Any CPU = Release|Any CPU
	EndGlobalSection
	GlobalSection(ProjectConfigurationPlatforms) = postSolution
		{DCB9126C-983B-40D8-9C1F-2EAA0965C8DD}.Debug|Any CPU.ActiveCfg = Debug|Any CPU
		{DCB9126C-983B-40D8-9C1F-2EAA0965C8DD}.Debug|Any CPU.Build.0 = Debug|Any CPU
		{DCB9126C-983B-40D8-9C1F-2EAA0965C8DD}.Release|Any CPU.ActiveCfg = Release|Any CPU
		{DCB9126C-983B-40D8-9C1F-2EAA0965C8DD}.Release|Any CPU.Build.0 = Release|Any CPU
		{6F837E76-023B-4E07-848F-EC9B45326B10}.Debug|Any CPU.ActiveCfg = Debug|Any CPU
		{6F837E76-023B-4E07-848F-EC9B45326B10}.Debug|Any CPU.Build.0 = Debug|Any CPU
		{6F837E76-023B-4E07-848F-EC9B45326B10}.Release|Any CPU.ActiveCfg = Release|Any CPU
		{6F837E76-023B-4E07-848F-EC9B45326B10}.Release|Any CPU.Build.0 = Release|Any CPU
		{4B36A5EB-F0F4-42A7-8887-5E1D6B961B50}.Debug|Any CPU.ActiveCfg = Debug|Any CPU
		{4B36A5EB-F0F4-42A7-8887-5E1D6B961B50}.Debug|Any CPU.Build.0 = Debug|Any CPU
		{4B36A5EB-F0F4-42A7-8887-5E1D6B961B50}.Release|Any CPU.ActiveCfg = Release|Any CPU
		{4B36A5EB-F0F4-42A7-8887-5E1D6B961B50}.Release|Any CPU.Build.0 = Release|Any CPU
		{D782B406-6F06-4E2E-A330-8200B6131820}.Debug|Any CPU.ActiveCfg = Debug|Any CPU
		{D782B406-6F06-4E2E-A330-8200B6131820}.Debug|Any CPU.Build.0 = Debug|Any CPU
		{D782B406-6F06-4E2E-A330-8200B6131820}.Release|Any CPU.ActiveCfg = Release|Any CPU
		{D782B406-6F06-4E2E-A330-8200B6131820}.Release|Any CPU.Build.0 = Release|Any CPU
		{541F5B49-78C8-4BBA-A723-9BCBEA73C033}.Debug|Any CPU.ActiveCfg = Debug|Any CPU
		{541F5B49-78C8-4BBA-A723-9BCBEA73C033}.Debug|Any CPU.Build.0 = Debug|Any CPU
		{541F5B49-78C8-4BBA-A723-9BCBEA73C033}.Release|Any CPU.ActiveCfg = Release|Any CPU
		{541F5B49-78C8-4BBA-A723-9BCBEA73C033}.Release|Any CPU.Build.0 = Release|Any CPU
		{534AB982-71BD-4979-AA6A-9327AE4363C2}.Debug|Any CPU.ActiveCfg = Debug|Any CPU
		{534AB982-71BD-4979-AA6A-9327AE4363C2}.Debug|Any CPU.Build.0 = Debug|Any CPU
		{534AB982-71BD-4979-AA6A-9327AE4363C2}.Release|Any CPU.ActiveCfg = Release|Any CPU
		{534AB982-71BD-4979-AA6A-9327AE4363C2}.Release|Any CPU.Build.0 = Release|Any CPU
		{095473AE-D835-4BFB-9C6F-42C47A5AB85F}.Debug|Any CPU.ActiveCfg = Debug|Any CPU
		{095473AE-D835-4BFB-9C6F-42C47A5AB85F}.Debug|Any CPU.Build.0 = Debug|Any CPU
		{095473AE-D835-4BFB-9C6F-42C47A5AB85F}.Release|Any CPU.ActiveCfg = Release|Any CPU
		{095473AE-D835-4BFB-9C6F-42C47A5AB85F}.Release|Any CPU.Build.0 = Release|Any CPU
	EndGlobalSection
	GlobalSection(SolutionProperties) = preSolution
		HideSolutionNode = FALSE
	EndGlobalSection
	GlobalSection(NestedProjects) = preSolution
		{DCB9126C-983B-40D8-9C1F-2EAA0965C8DD} = {1BC73AB0-95FA-4028-8CF1-775DCF947CAE}
		{6F837E76-023B-4E07-848F-EC9B45326B10} = {07465EB6-6653-4187-A1FB-DC262295C308}
		{4B36A5EB-F0F4-42A7-8887-5E1D6B961B50} = {76166F0A-F452-4323-815B-1EE8DAE7902F}
		{D782B406-6F06-4E2E-A330-8200B6131820} = {76166F0A-F452-4323-815B-1EE8DAE7902F}
		{541F5B49-78C8-4BBA-A723-9BCBEA73C033} = {BDC01F94-415E-4AC0-941C-27EB2B43135A}
		{534AB982-71BD-4979-AA6A-9327AE4363C2} = {D5A7E212-0A15-4062-9DC3-CC461AE386BA}
	EndGlobalSection
	GlobalSection(ExtensibilityGlobals) = postSolution
		SolutionGuid = {CB38A9BB-4111-4C3D-904A-024C41E72373}
	EndGlobalSection
EndGlobal
